github.com/vearne/simplelog v0.0.0-20200527094239-692fca69e8b1 h1:1Ki9RZjBEQ9R4Isd+EJs7FyPCscXJEoNaGeVWw1yoXU=
github.com/vearne/simplelog v0.0.0-20200527094239-692fca69e8b1/go.mod h1:8tISO0hBcfMqG08HgFPdQ6EHevilXq5Fpd3CYfRiohk=
github.com/vearne/simplelog v0.0.1 h1:N/nQ1cLpJIVIRfWn4Ccv2nhETxq1lMC1u79yy714dUg=
github.com/vearne/simplelog v0.0.1/go.mod h1:W7Ip7PHWs8c0X+7b8hSj9zH7WxKB3oQ1pkr3tAtxqSo=
